
Microsoft Visual Studio Solution File, Format Version 12.00
# Visual Studio Version 16
VisualStudioVersion = 16.0.30804.86
MinimumVisualStudioVersion = 10.0.40219.1
Project("{9A19103F-16F7-4668-BE54-9A1E7A4F7556}") = "KampIntro", "KampIntro\KampIntro.csproj", "{F9A562FD-396D-4A65-A910-EA2C15ADFBE8}"
EndProject
Project("{9A19103F-16F7-4668-BE54-9A1E7A4F7556}") = "Loops", "Loops\Loops.csproj", "{56FB2DF4-8F4D-4BB0-AA41-022D13328A03}"
EndProject
Project("{9A19103F-16F7-4668-BE54-9A1E7A4F7556}") = "ClassIntro", "ClassIntro\ClassIntro.csproj", "{CA4D060A-8E9F-4C25-B7EC-1C2B0481A5D4}"
EndProject
Project("{9A19103F-16F7-4668-BE54-9A1E7A4F7556}") = "Methods", "Methods\Methods.csproj", "{B341F39E-EBB5-4AD3-AAFA-42A20D082FA0}"
EndProject
Project("{9A19103F-16F7-4668-BE54-9A1E7A4F7556}") = "Matematik", "Matematik\Matematik.csproj", "{266F972C-0ED0-40A3-85CD-22DC2F53DEAB}"
EndProject
Project("{9A19103F-16F7-4668-BE54-9A1E7A4F7556}") = "DegerVeReferansTipler", "DegerVeReferansTipler\DegerVeReferansTipler.csproj", "{90AA0A03-E16B-4335-B727-487C52B4CFEA}"
EndProject
Project("{FAE04EC0-301F-11D3-BF4B-00C04F79EFBC}") = "OOP1", "OOP1\OOP1.csproj", "{C6FC98E4-C533-4811-A875-4DDC9B58EE31}"
EndProject
Project("{FAE04EC0-301F-11D3-BF4B-00C04F79EFBC}") = "Collections", "Collections\Collections.csproj", "{1576E196-D744-4260-B544-E633A0A5C0B3}"
EndProject
Project("{FAE04EC0-301F-11D3-BF4B-00C04F79EFBC}") = "GenericsIntro", "GenericsIntro\GenericsIntro.csproj", "{26BAAB77-5F5A-425B-B46D-0202ECBA0B39}"
EndProject
Global
	GlobalSection(SolutionConfigurationPlatforms) = preSolution
		Debug|Any CPU = Debug|Any CPU
		Release|Any CPU = Release|Any CPU
	EndGlobalSection
	GlobalSection(ProjectConfigurationPlatforms) = postSolution
		{F9A562FD-396D-4A65-A910-EA2C15ADFBE8}.Debug|Any CPU.ActiveCfg = Debug|Any CPU
		{F9A562FD-396D-4A65-A910-EA2C15ADFBE8}.Debug|Any CPU.Build.0 = Debug|Any CPU
		{F9A562FD-396D-4A65-A910-EA2C15ADFBE8}.Release|Any CPU.ActiveCfg = Release|Any CPU
		{F9A562FD-396D-4A65-A910-EA2C15ADFBE8}.Release|Any CPU.Build.0 = Release|Any CPU
		{56FB2DF4-8F4D-4BB0-AA41-022D13328A03}.Debug|Any CPU.ActiveCfg = Debug|Any CPU
		{56FB2DF4-8F4D-4BB0-AA41-022D13328A03}.Debug|Any CPU.Build.0 = Debug|Any CPU
		{56FB2DF4-8F4D-4BB0-AA41-022D13328A03}.Release|Any CPU.ActiveCfg = Release|Any CPU
		{56FB2DF4-8F4D-4BB0-AA41-022D13328A03}.Release|Any CPU.Build.0 = Release|Any CPU
		{CA4D060A-8E9F-4C25-B7EC-1C2B0481A5D4}.Debug|Any CPU.ActiveCfg = Debug|Any CPU
		{CA4D060A-8E9F-4C25-B7EC-1C2B0481A5D4}.Debug|Any CPU.Build.0 = Debug|Any CPU
		{CA4D060A-8E9F-4C25-B7EC-1C2B0481A5D4}.Release|Any CPU.ActiveCfg = Release|Any CPU
		{CA4D060A-8E9F-4C25-B7EC-1C2B0481A5D4}.Release|Any CPU.Build.0 = Release|Any CPU
		{B341F39E-EBB5-4AD3-AAFA-42A20D082FA0}.Debug|Any CPU.ActiveCfg = Debug|Any CPU
		{B341F39E-EBB5-4AD3-AAFA-42A20D082FA0}.Debug|Any CPU.Build.0 = Debug|Any CPU
		{B341F39E-EBB5-4AD3-AAFA-42A20D082FA0}.Release|Any CPU.ActiveCfg = Release|Any CPU
		{B341F39E-EBB5-4AD3-AAFA-42A20D082FA0}.Release|Any CPU.Build.0 = Release|Any CPU
		{266F972C-0ED0-40A3-85CD-22DC2F53DEAB}.Debug|Any CPU.ActiveCfg = Debug|Any CPU
		{266F972C-0ED0-40A3-85CD-22DC2F53DEAB}.Debug|Any CPU.Build.0 = Debug|Any CPU
		{266F972C-0ED0-40A3-85CD-22DC2F53DEAB}.Release|Any CPU.ActiveCfg = Release|Any CPU
		{266F972C-0ED0-40A3-85CD-22DC2F53DEAB}.Release|Any CPU.Build.0 = Release|Any CPU
		{90AA0A03-E16B-4335-B727-487C52B4CFEA}.Debug|Any CPU.ActiveCfg = Debug|Any CPU
		{90AA0A03-E16B-4335-B727-487C52B4CFEA}.Debug|Any CPU.Build.0 = Debug|Any CPU
		{90AA0A03-E16B-4335-B727-487C52B4CFEA}.Release|Any CPU.ActiveCfg = Release|Any CPU
		{90AA0A03-E16B-4335-B727-487C52B4CFEA}.Release|Any CPU.Build.0 = Release|Any CPU
		{C6FC98E4-C533-4811-A875-4DDC9B58EE31}.Debug|Any CPU.ActiveCfg = Debug|Any CPU
		{C6FC98E4-C533-4811-A875-4DDC9B58EE31}.Debug|Any CPU.Build.0 = Debug|Any CPU
		{C6FC98E4-C533-4811-A875-4DDC9B58EE31}.Release|Any CPU.ActiveCfg = Release|Any CPU
		{C6FC98E4-C533-4811-A875-4DDC9B58EE31}.Release|Any CPU.Build.0 = Release|Any CPU
		{1576E196-D744-4260-B544-E633A0A5C0B3}.Debug|Any CPU.ActiveCfg = Debug|Any CPU
		{1576E196-D744-4260-B544-E633A0A5C0B3}.Debug|Any CPU.Build.0 = Debug|Any CPU
		{1576E196-D744-4260-B544-E633A0A5C0B3}.Release|Any CPU.ActiveCfg = Release|Any CPU
		{1576E196-D744-4260-B544-E633A0A5C0B3}.Release|Any CPU.Build.0 = Release|Any CPU
		{26BAAB77-5F5A-425B-B46D-0202ECBA0B39}.Debug|Any CPU.ActiveCfg = Debug|Any CPU
		{26BAAB77-5F5A-425B-B46D-0202ECBA0B39}.Debug|Any CPU.Build.0 = Debug|Any CPU
		{26BAAB77-5F5A-425B-B46D-0202ECBA0B39}.Release|Any CPU.ActiveCfg = Release|Any CPU
		{26BAAB77-5F5A-425B-B46D-0202ECBA0B39}.Release|Any CPU.Build.0 = Release|Any CPU
	EndGlobalSection
	GlobalSection(SolutionProperties) = preSolution
		HideSolutionNode = FALSE
	EndGlobalSection
	GlobalSection(ExtensibilityGlobals) = postSolution
		SolutionGuid = {6A77A329-649E-4502-9FBE-C575AB9C9456}
	EndGlobalSection
EndGlobal
